
Microsoft Visual Studio Solution File, Format Version 12.00
# Visual Studio Version 17
VisualStudioVersion = 17.1.32319.34
MinimumVisualStudioVersion = 10.0.40219.1
Project("{FAE04EC0-301F-11D3-BF4B-00C04F79EFBC}") = "FirstMvc", "FirstMvc\FirstMvc.csproj", "{66EDFB38-44B3-4ED3-9FE4-5F6E6BE4745B}"
EndProject
Global
	GlobalSection(SolutionConfigurationPlatforms) = preSolution
		Debug|Any CPU = Debug|Any CPU
		Release|Any CPU = Release|Any CPU
	EndGlobalSection
	GlobalSection(ProjectConfigurationPlatforms) = postSolution
		{66EDFB38-44B3-4ED3-9FE4-5F6E6BE4745B}.Debug|Any CPU.ActiveCfg = Debug|Any CPU
		{66EDFB38-44B3-4ED3-9FE4-5F6E6BE4745B}.Debug|Any CPU.Build.0 = Debug|Any CPU
		{66EDFB38-44B3-4ED3-9FE4-5F6E6BE4745B}.Release|Any CPU.ActiveCfg = Release|Any CPU
		{66EDFB38-44B3-4ED3-9FE4-5F6E6BE4745B}.Release|Any CPU.Build.0 = Release|Any CPU
	EndGlobalSection
	GlobalSection(SolutionProperties) = preSolution
		HideSolutionNode = FALSE
	EndGlobalSection
	GlobalSection(ExtensibilityGlobals) = postSolution
		SolutionGuid = {AD9E7B40-B5FA-4D2A-B5C1-33FB3F1737D0}
	EndGlobalSection
EndGlobal
