
Microsoft Visual Studio Solution File, Format Version 12.00
# Visual Studio Version 17
VisualStudioVersion = 17.3.32929.385
MinimumVisualStudioVersion = 10.0.40219.1
Project("{FAE04EC0-301F-11D3-BF4B-00C04F79EFBC}") = "JWTLoginRegister", "JWTLoginRegister\JWTLoginRegister.csproj", "{04AA66A3-8AB1-43A6-91E6-2A18125C46EE}"
EndProject
Global
	GlobalSection(SolutionConfigurationPlatforms) = preSolution
		Debug|Any CPU = Debug|Any CPU
		Release|Any CPU = Release|Any CPU
	EndGlobalSection
	GlobalSection(ProjectConfigurationPlatforms) = postSolution
		{04AA66A3-8AB1-43A6-91E6-2A18125C46EE}.Debug|Any CPU.ActiveCfg = Debug|Any CPU
		{04AA66A3-8AB1-43A6-91E6-2A18125C46EE}.Debug|Any CPU.Build.0 = Debug|Any CPU
		{04AA66A3-8AB1-43A6-91E6-2A18125C46EE}.Release|Any CPU.ActiveCfg = Release|Any CPU
		{04AA66A3-8AB1-43A6-91E6-2A18125C46EE}.Release|Any CPU.Build.0 = Release|Any CPU
	EndGlobalSection
	GlobalSection(SolutionProperties) = preSolution
		HideSolutionNode = FALSE
	EndGlobalSection
	GlobalSection(ExtensibilityGlobals) = postSolution
		SolutionGuid = {DC0D858E-B090-40B7-986D-51BA47BA5830}
	EndGlobalSection
EndGlobal
